
Microsoft Visual Studio Solution File, Format Version 12.00
# Visual Studio Express 2012 for Web
Project("{E24C65DC-7377-472B-9ABA-BC803B73C61A}") = "CLEncryption", "CLEncryption\", "{EE200792-2218-494F-8696-B6D69ECBBC02}"
	ProjectSection(WebsiteProperties) = preProject
		TargetFrameworkMoniker = ".NETFramework,Version%3Dv4.0"
		ProjectReferences = "{d1034909-1e00-46e6-8040-07d3568fa810}|BusinessLogics.dll;{6204AC2C-4627-454E-BE98-8A285BEB1EE1}|DataAccess.dll;"
		Debug.AspNetCompiler.VirtualPath = "/CLEncryption"
		Debug.AspNetCompiler.PhysicalPath = "CLEncryption\"
		Debug.AspNetCompiler.TargetPath = "PrecompiledWeb\CLEncryption\"
		Debug.AspNetCompiler.Updateable = "true"
		Debug.AspNetCompiler.ForceOverwrite = "true"
		Debug.AspNetCompiler.FixedNames = "false"
		Debug.AspNetCompiler.Debug = "True"
		Release.AspNetCompiler.VirtualPath = "/CLEncryption"
		Release.AspNetCompiler.PhysicalPath = "CLEncryption\"
		Release.AspNetCompiler.TargetPath = "PrecompiledWeb\CLEncryption\"
		Release.AspNetCompiler.Updateable = "true"
		Release.AspNetCompiler.ForceOverwrite = "true"
		Release.AspNetCompiler.FixedNames = "false"
		Release.AspNetCompiler.Debug = "False"
		VWDPort = "57390"
	EndProjectSection
EndProject
Project("{FAE04EC0-301F-11D3-BF4B-00C04F79EFBC}") = "BusinessLogics", "BusinessLogics\BusinessLogics.csproj", "{D1034909-1E00-46E6-8040-07D3568FA810}"
EndProject
Project("{FAE04EC0-301F-11D3-BF4B-00C04F79EFBC}") = "DataAccess", "DataAccess\DataAccess.csproj", "{6204AC2C-4627-454E-BE98-8A285BEB1EE1}"
EndProject
Global
	GlobalSection(SolutionConfigurationPlatforms) = preSolution
		Debug|Any CPU = Debug|Any CPU
		Release|Any CPU = Release|Any CPU
	EndGlobalSection
	GlobalSection(ProjectConfigurationPlatforms) = postSolution
		{EE200792-2218-494F-8696-B6D69ECBBC02}.Debug|Any CPU.ActiveCfg = Debug|Any CPU
		{EE200792-2218-494F-8696-B6D69ECBBC02}.Debug|Any CPU.Build.0 = Debug|Any CPU
		{EE200792-2218-494F-8696-B6D69ECBBC02}.Release|Any CPU.ActiveCfg = Debug|Any CPU
		{EE200792-2218-494F-8696-B6D69ECBBC02}.Release|Any CPU.Build.0 = Debug|Any CPU
		{D1034909-1E00-46E6-8040-07D3568FA810}.Debug|Any CPU.ActiveCfg = Debug|Any CPU
		{D1034909-1E00-46E6-8040-07D3568FA810}.Debug|Any CPU.Build.0 = Debug|Any CPU
		{D1034909-1E00-46E6-8040-07D3568FA810}.Release|Any CPU.ActiveCfg = Release|Any CPU
		{D1034909-1E00-46E6-8040-07D3568FA810}.Release|Any CPU.Build.0 = Release|Any CPU
		{6204AC2C-4627-454E-BE98-8A285BEB1EE1}.Debug|Any CPU.ActiveCfg = Debug|Any CPU
		{6204AC2C-4627-454E-BE98-8A285BEB1EE1}.Debug|Any CPU.Build.0 = Debug|Any CPU
		{6204AC2C-4627-454E-BE98-8A285BEB1EE1}.Release|Any CPU.ActiveCfg = Release|Any CPU
		{6204AC2C-4627-454E-BE98-8A285BEB1EE1}.Release|Any CPU.Build.0 = Release|Any CPU
	EndGlobalSection
	GlobalSection(SolutionProperties) = preSolution
		HideSolutionNode = FALSE
	EndGlobalSection
EndGlobal
